
Microsoft Visual Studio Solution File, Format Version 12.00
# Visual Studio Version 17
VisualStudioVersion = 17.11.35219.272
MinimumVisualStudioVersion = 10.0.40219.1
Project("{FAE04EC0-301F-11D3-BF4B-00C04F79EFBC}") = "quanlythongtinkhachhang", "quanlythongtinkhachhang\quanlythongtinkhachhang.csproj", "{9281F77E-9CB2-40C7-B7F3-70CA0C185D40}"
EndProject
Global
	GlobalSection(SolutionConfigurationPlatforms) = preSolution
		Debug|Any CPU = Debug|Any CPU
		Release|Any CPU = Release|Any CPU
	EndGlobalSection
	GlobalSection(ProjectConfigurationPlatforms) = postSolution
		{9281F77E-9CB2-40C7-B7F3-70CA0C185D40}.Debug|Any CPU.ActiveCfg = Debug|Any CPU
		{9281F77E-9CB2-40C7-B7F3-70CA0C185D40}.Debug|Any CPU.Build.0 = Debug|Any CPU
		{9281F77E-9CB2-40C7-B7F3-70CA0C185D40}.Release|Any CPU.ActiveCfg = Release|Any CPU
		{9281F77E-9CB2-40C7-B7F3-70CA0C185D40}.Release|Any CPU.Build.0 = Release|Any CPU
	EndGlobalSection
	GlobalSection(SolutionProperties) = preSolution
		HideSolutionNode = FALSE
	EndGlobalSection
	GlobalSection(ExtensibilityGlobals) = postSolution
		SolutionGuid = {A5E0E49D-3BF4-4175-BA96-7001D24DCD71}
	EndGlobalSection
EndGlobal
